
Microsoft Visual Studio Solution File, Format Version 12.00
# Visual Studio Version 17
VisualStudioVersion = 17.1.32228.430
MinimumVisualStudioVersion = 10.0.40219.1
Project("{FAE04EC0-301F-11D3-BF4B-00C04F79EFBC}") = "VRAMChecker", "VRAMChecker\VRAMChecker.csproj", "{504328CF-6A18-4E7A-BC7F-9C6CB07C7A57}"
EndProject
Global
	GlobalSection(SolutionConfigurationPlatforms) = preSolution
		Debug|Any CPU = Debug|Any CPU
		Release|Any CPU = Release|Any CPU
	EndGlobalSection
	GlobalSection(ProjectConfigurationPlatforms) = postSolution
		{504328CF-6A18-4E7A-BC7F-9C6CB07C7A57}.Debug|Any CPU.ActiveCfg = Debug|Any CPU
		{504328CF-6A18-4E7A-BC7F-9C6CB07C7A57}.Debug|Any CPU.Build.0 = Debug|Any CPU
		{504328CF-6A18-4E7A-BC7F-9C6CB07C7A57}.Release|Any CPU.ActiveCfg = Release|Any CPU
		{504328CF-6A18-4E7A-BC7F-9C6CB07C7A57}.Release|Any CPU.Build.0 = Release|Any CPU
	EndGlobalSection
	GlobalSection(SolutionProperties) = preSolution
		HideSolutionNode = FALSE
	EndGlobalSection
	GlobalSection(ExtensibilityGlobals) = postSolution
		SolutionGuid = {66C136C2-3398-4A64-BF46-0118473D83A9}
	EndGlobalSection
EndGlobal
